
Microsoft Visual Studio Solution File, Format Version 12.00
# Visual Studio Version 17
VisualStudioVersion = 17.4.33122.133
MinimumVisualStudioVersion = 10.0.40219.1
Project("{2150E333-8FDC-42A3-9474-1A3956D46DE8}") = "Services", "Services", "{4B48A0E3-A4A2-4AD8-A97D-B272F333E5EC}"
EndProject
Project("{2150E333-8FDC-42A3-9474-1A3956D46DE8}") = "Catalog", "Catalog", "{D876C0A2-3DE2-4BA1-AE0A-ADA70BCB52A6}"
EndProject
Project("{9A19103F-16F7-4668-BE54-9A1E7A4F7556}") = "Catalog.API", "Services\Catalog\Catalog.API\Catalog.API.csproj", "{08F08C32-E8FC-48EC-B300-9236C419FA97}"
EndProject
Project("{E53339B2-1760-4266-BCC7-CA923CBCF16C}") = "docker-compose", "docker-compose.dcproj", "{1D74D155-49D1-4E04-A971-957018747270}"
EndProject
Project("{2150E333-8FDC-42A3-9474-1A3956D46DE8}") = "Basket", "Basket", "{04209A9E-1279-4E0B-9930-503C5F494A20}"
EndProject
Project("{9A19103F-16F7-4668-BE54-9A1E7A4F7556}") = "Basket.API", "Services\Basket\Basket.API\Basket.API.csproj", "{9E7C91B2-5970-4457-9279-D9C8903FF3B0}"
EndProject
Project("{2150E333-8FDC-42A3-9474-1A3956D46DE8}") = "Discount", "Discount", "{F49EE10C-431D-4354-8471-38AB9C4AF95D}"
EndProject
Project("{9A19103F-16F7-4668-BE54-9A1E7A4F7556}") = "Discount.API", "Services\Discount\Discount.API\Discount.API.csproj", "{326C76B3-DD0D-4E88-8445-4B31D4C27C84}"
EndProject
Project("{9A19103F-16F7-4668-BE54-9A1E7A4F7556}") = "Discount.Grpc", "Services\Discount\Discount.Grpc\Discount.Grpc.csproj", "{324F9EDD-7AA2-4062-B9A1-882602CD838E}"
EndProject
Project("{2150E333-8FDC-42A3-9474-1A3956D46DE8}") = "Ordering", "Ordering", "{A95BA628-EF34-4A23-BEA5-A1982D724462}"
EndProject
Project("{9A19103F-16F7-4668-BE54-9A1E7A4F7556}") = "Ordering.API", "Services\Ordering\Ordering.API\Ordering.API.csproj", "{AB37A3AF-E39E-40EB-A86D-ABDD260F5FD9}"
EndProject
Project("{9A19103F-16F7-4668-BE54-9A1E7A4F7556}") = "Ordering.Domain", "Services\Ordering\Ordering.Domain\Ordering.Domain.csproj", "{F2FF4BF3-80E8-4F02-BE5F-0FFB0AF39C52}"
EndProject
Project("{9A19103F-16F7-4668-BE54-9A1E7A4F7556}") = "Ordering.Application", "Services\Ordering\Ordering.Application\Ordering.Application.csproj", "{C51B14CE-B711-4AFB-A46F-EE9436D4F6BB}"
EndProject
Project("{9A19103F-16F7-4668-BE54-9A1E7A4F7556}") = "Ordering.Infrastructure", "Services\Ordering\Ordering.Infrastructure\Ordering.Infrastructure.csproj", "{6983A584-5C40-435D-BE80-36F5E6C57DE8}"
EndProject
Project("{2150E333-8FDC-42A3-9474-1A3956D46DE8}") = "SolutionInfra", "SolutionInfra", "{0ACB92E4-A0D3-458D-9490-B2E746B71DDF}"
EndProject
Project("{FAE04EC0-301F-11D3-BF4B-00C04F79EFBC}") = "EventBus.Message", "SolutionInfra\EventBus.Message\EventBus.Message.csproj", "{43C0EFA7-553B-40EF-98DE-49AF469B82F8}"
EndProject
Global
	GlobalSection(SolutionConfigurationPlatforms) = preSolution
		Debug|Any CPU = Debug|Any CPU
		Release|Any CPU = Release|Any CPU
	EndGlobalSection
	GlobalSection(ProjectConfigurationPlatforms) = postSolution
		{08F08C32-E8FC-48EC-B300-9236C419FA97}.Debug|Any CPU.ActiveCfg = Debug|Any CPU
		{08F08C32-E8FC-48EC-B300-9236C419FA97}.Debug|Any CPU.Build.0 = Debug|Any CPU
		{08F08C32-E8FC-48EC-B300-9236C419FA97}.Release|Any CPU.ActiveCfg = Release|Any CPU
		{08F08C32-E8FC-48EC-B300-9236C419FA97}.Release|Any CPU.Build.0 = Release|Any CPU
		{1D74D155-49D1-4E04-A971-957018747270}.Debug|Any CPU.ActiveCfg = Debug|Any CPU
		{1D74D155-49D1-4E04-A971-957018747270}.Debug|Any CPU.Build.0 = Debug|Any CPU
		{1D74D155-49D1-4E04-A971-957018747270}.Release|Any CPU.ActiveCfg = Release|Any CPU
		{1D74D155-49D1-4E04-A971-957018747270}.Release|Any CPU.Build.0 = Release|Any CPU
		{9E7C91B2-5970-4457-9279-D9C8903FF3B0}.Debug|Any CPU.ActiveCfg = Debug|Any CPU
		{9E7C91B2-5970-4457-9279-D9C8903FF3B0}.Debug|Any CPU.Build.0 = Debug|Any CPU
		{9E7C91B2-5970-4457-9279-D9C8903FF3B0}.Release|Any CPU.ActiveCfg = Release|Any CPU
		{9E7C91B2-5970-4457-9279-D9C8903FF3B0}.Release|Any CPU.Build.0 = Release|Any CPU
		{326C76B3-DD0D-4E88-8445-4B31D4C27C84}.Debug|Any CPU.ActiveCfg = Debug|Any CPU
		{326C76B3-DD0D-4E88-8445-4B31D4C27C84}.Debug|Any CPU.Build.0 = Debug|Any CPU
		{326C76B3-DD0D-4E88-8445-4B31D4C27C84}.Release|Any CPU.ActiveCfg = Release|Any CPU
		{326C76B3-DD0D-4E88-8445-4B31D4C27C84}.Release|Any CPU.Build.0 = Release|Any CPU
		{324F9EDD-7AA2-4062-B9A1-882602CD838E}.Debug|Any CPU.ActiveCfg = Debug|Any CPU
		{324F9EDD-7AA2-4062-B9A1-882602CD838E}.Debug|Any CPU.Build.0 = Debug|Any CPU
		{324F9EDD-7AA2-4062-B9A1-882602CD838E}.Release|Any CPU.ActiveCfg = Release|Any CPU
		{324F9EDD-7AA2-4062-B9A1-882602CD838E}.Release|Any CPU.Build.0 = Release|Any CPU
		{AB37A3AF-E39E-40EB-A86D-ABDD260F5FD9}.Debug|Any CPU.ActiveCfg = Debug|Any CPU
		{AB37A3AF-E39E-40EB-A86D-ABDD260F5FD9}.Debug|Any CPU.Build.0 = Debug|Any CPU
		{AB37A3AF-E39E-40EB-A86D-ABDD260F5FD9}.Release|Any CPU.ActiveCfg = Release|Any CPU
		{AB37A3AF-E39E-40EB-A86D-ABDD260F5FD9}.Release|Any CPU.Build.0 = Release|Any CPU
		{F2FF4BF3-80E8-4F02-BE5F-0FFB0AF39C52}.Debug|Any CPU.ActiveCfg = Debug|Any CPU
		{F2FF4BF3-80E8-4F02-BE5F-0FFB0AF39C52}.Debug|Any CPU.Build.0 = Debug|Any CPU
		{F2FF4BF3-80E8-4F02-BE5F-0FFB0AF39C52}.Release|Any CPU.ActiveCfg = Release|Any CPU
		{F2FF4BF3-80E8-4F02-BE5F-0FFB0AF39C52}.Release|Any CPU.Build.0 = Release|Any CPU
		{C51B14CE-B711-4AFB-A46F-EE9436D4F6BB}.Debug|Any CPU.ActiveCfg = Debug|Any CPU
		{C51B14CE-B711-4AFB-A46F-EE9436D4F6BB}.Debug|Any CPU.Build.0 = Debug|Any CPU
		{C51B14CE-B711-4AFB-A46F-EE9436D4F6BB}.Release|Any CPU.ActiveCfg = Release|Any CPU
		{C51B14CE-B711-4AFB-A46F-EE9436D4F6BB}.Release|Any CPU.Build.0 = Release|Any CPU
		{6983A584-5C40-435D-BE80-36F5E6C57DE8}.Debug|Any CPU.ActiveCfg = Debug|Any CPU
		{6983A584-5C40-435D-BE80-36F5E6C57DE8}.Debug|Any CPU.Build.0 = Debug|Any CPU
		{6983A584-5C40-435D-BE80-36F5E6C57DE8}.Release|Any CPU.ActiveCfg = Release|Any CPU
		{6983A584-5C40-435D-BE80-36F5E6C57DE8}.Release|Any CPU.Build.0 = Release|Any CPU
		{43C0EFA7-553B-40EF-98DE-49AF469B82F8}.Debug|Any CPU.ActiveCfg = Debug|Any CPU
		{43C0EFA7-553B-40EF-98DE-49AF469B82F8}.Debug|Any CPU.Build.0 = Debug|Any CPU
		{43C0EFA7-553B-40EF-98DE-49AF469B82F8}.Release|Any CPU.ActiveCfg = Release|Any CPU
		{43C0EFA7-553B-40EF-98DE-49AF469B82F8}.Release|Any CPU.Build.0 = Release|Any CPU
	EndGlobalSection
	GlobalSection(SolutionProperties) = preSolution
		HideSolutionNode = FALSE
	EndGlobalSection
	GlobalSection(NestedProjects) = preSolution
		{D876C0A2-3DE2-4BA1-AE0A-ADA70BCB52A6} = {4B48A0E3-A4A2-4AD8-A97D-B272F333E5EC}
		{08F08C32-E8FC-48EC-B300-9236C419FA97} = {D876C0A2-3DE2-4BA1-AE0A-ADA70BCB52A6}
		{04209A9E-1279-4E0B-9930-503C5F494A20} = {4B48A0E3-A4A2-4AD8-A97D-B272F333E5EC}
		{9E7C91B2-5970-4457-9279-D9C8903FF3B0} = {04209A9E-1279-4E0B-9930-503C5F494A20}
		{F49EE10C-431D-4354-8471-38AB9C4AF95D} = {4B48A0E3-A4A2-4AD8-A97D-B272F333E5EC}
		{326C76B3-DD0D-4E88-8445-4B31D4C27C84} = {F49EE10C-431D-4354-8471-38AB9C4AF95D}
		{324F9EDD-7AA2-4062-B9A1-882602CD838E} = {F49EE10C-431D-4354-8471-38AB9C4AF95D}
		{A95BA628-EF34-4A23-BEA5-A1982D724462} = {4B48A0E3-A4A2-4AD8-A97D-B272F333E5EC}
		{AB37A3AF-E39E-40EB-A86D-ABDD260F5FD9} = {A95BA628-EF34-4A23-BEA5-A1982D724462}
		{F2FF4BF3-80E8-4F02-BE5F-0FFB0AF39C52} = {A95BA628-EF34-4A23-BEA5-A1982D724462}
		{C51B14CE-B711-4AFB-A46F-EE9436D4F6BB} = {A95BA628-EF34-4A23-BEA5-A1982D724462}
		{6983A584-5C40-435D-BE80-36F5E6C57DE8} = {A95BA628-EF34-4A23-BEA5-A1982D724462}
		{43C0EFA7-553B-40EF-98DE-49AF469B82F8} = {0ACB92E4-A0D3-458D-9490-B2E746B71DDF}
	EndGlobalSection
	GlobalSection(ExtensibilityGlobals) = postSolution
		SolutionGuid = {11D83168-C9D9-4E00-892E-467D491236A8}
	EndGlobalSection
EndGlobal
